
Microsoft Visual Studio Solution File, Format Version 12.00
# Visual Studio Version 17
VisualStudioVersion = 17.7.34221.43
MinimumVisualStudioVersion = 10.0.40219.1
Project("{FAE04EC0-301F-11D3-BF4B-00C04F79EFBC}") = "TextBasedRPG-Map_WillB", "TextBasedRPG-Map_WillB\TextBasedRPG-Map_WillB.csproj", "{CB1EE41D-7F7B-46A5-A1A7-39C5F1389020}"
EndProject
Global
	GlobalSection(SolutionConfigurationPlatforms) = preSolution
		Debug|Any CPU = Debug|Any CPU
		Release|Any CPU = Release|Any CPU
	EndGlobalSection
	GlobalSection(ProjectConfigurationPlatforms) = postSolution
		{CB1EE41D-7F7B-46A5-A1A7-39C5F1389020}.Debug|Any CPU.ActiveCfg = Debug|Any CPU
		{CB1EE41D-7F7B-46A5-A1A7-39C5F1389020}.Debug|Any CPU.Build.0 = Debug|Any CPU
		{CB1EE41D-7F7B-46A5-A1A7-39C5F1389020}.Release|Any CPU.ActiveCfg = Release|Any CPU
		{CB1EE41D-7F7B-46A5-A1A7-39C5F1389020}.Release|Any CPU.Build.0 = Release|Any CPU
	EndGlobalSection
	GlobalSection(SolutionProperties) = preSolution
		HideSolutionNode = FALSE
	EndGlobalSection
	GlobalSection(ExtensibilityGlobals) = postSolution
		SolutionGuid = {E8F127A2-A134-4D67-B10A-B7A4A7DC8EB8}
	EndGlobalSection
EndGlobal
